
Microsoft Visual Studio Solution File, Format Version 12.00
# Visual Studio 15
VisualStudioVersion = 15.0.28307.136
MinimumVisualStudioVersion = 10.0.40219.1
Project("{8BC9CEB8-8B4A-11D0-8D11-00A0C91BC942}") = "TouchRecognize", "TouchRecognize\TouchRecognize.vcxproj", "{270F8D29-883D-4737-8F26-7B520FA592D8}"
EndProject
Global
	GlobalSection(SolutionConfigurationPlatforms) = preSolution
		Debug|x64 = Debug|x64
		Debug|x86 = Debug|x86
		Release|x64 = Release|x64
		Release|x86 = Release|x86
	EndGlobalSection
	GlobalSection(ProjectConfigurationPlatforms) = postSolution
		{270F8D29-883D-4737-8F26-7B520FA592D8}.Debug|x64.ActiveCfg = Debug|x64
		{270F8D29-883D-4737-8F26-7B520FA592D8}.Debug|x64.Build.0 = Debug|x64
		{270F8D29-883D-4737-8F26-7B520FA592D8}.Debug|x86.ActiveCfg = Debug|Win32
		{270F8D29-883D-4737-8F26-7B520FA592D8}.Debug|x86.Build.0 = Debug|Win32
		{270F8D29-883D-4737-8F26-7B520FA592D8}.Release|x64.ActiveCfg = Release|x64
		{270F8D29-883D-4737-8F26-7B520FA592D8}.Release|x64.Build.0 = Release|x64
		{270F8D29-883D-4737-8F26-7B520FA592D8}.Release|x86.ActiveCfg = Release|Win32
		{270F8D29-883D-4737-8F26-7B520FA592D8}.Release|x86.Build.0 = Release|Win32
	EndGlobalSection
	GlobalSection(SolutionProperties) = preSolution
		HideSolutionNode = FALSE
	EndGlobalSection
	GlobalSection(ExtensibilityGlobals) = postSolution
		SolutionGuid = {A992AF38-4F15-4338-813A-834830BBFCC4}
	EndGlobalSection
EndGlobal
